{
  "version": 4,
  "terraform_version": "1.4.6",
  "serial": 90,
  "lineage": "c47cd72e-c9e4-842e-1c52-44bdb8acf303",
  "outputs": {},
  "resources": [
    {
      "mode": "managed",
      "type": "aws_vpc",
      "name": "my_vpc_01",
      "provider": "provider[\"registry.terraform.io/hashicorp/aws\"]",
      "instances": [
        {
          "schema_version": 1,
          "attributes": {
            "arn": "arn:aws:ec2:eu-west-1:411194033911:vpc/vpc-04653b7f9be0c1ae0",
            "assign_generated_ipv6_cidr_block": false,
            "cidr_block": "10.0.0.0/16",
            "default_network_acl_id": "acl-0cd06f7a21cbb7a1f",
            "default_route_table_id": "rtb-07a3ee5ef1048a4d8",
            "default_security_group_id": "sg-0dfe27bdce5af8883",
            "dhcp_options_id": "dopt-0a1b2f3f6a4cd231f",
            "enable_dns_hostnames": false,
            "enable_dns_support": true,
            "enable_network_address_usage_metrics": false,
            "id": "vpc-04653b7f9be0c1ae0",
            "instance_tenancy": "default",
            "ipv4_ipam_pool_id": null,
            "ipv4_netmask_length": null,
            "ipv6_association_id": "",
            "ipv6_cidr_block": "",
            "ipv6_cidr_block_network_border_group": "",
            "ipv6_ipam_pool_id": "",
            "ipv6_netmask_length": 0,
            "main_route_table_id": "rtb-07a3ee5ef1048a4d8",
            "owner_id": "411194033911",
            "tags": {
              "Name": "my_vpc_01"
            },
            "tags_all": {
              "Name": "my_vpc_01"
            }
          },
          "sensitive_attributes": [],
          "private": "eyJzY2hlbWFfdmVyc2lvbiI6IjEifQ=="
        }
      ]
    }
  ],
  "check_results": null
}
